// !$*UTF8*$!
{
	archiveVersion = 1;
	classes = {
	};
	objectVersion = 56;
	objects = {

/* Begin PBXBuildFile section */
		EB51CD1A2A777F1000E4CD9B /* AppDelegate.swift in Sources */ = {isa = PBXBuildFile; fileRef = EB51CD192A777F1000E4CD9B /* AppDelegate.swift */; };
		EB51CD1C2A777F1000E4CD9B /* SceneDelegate.swift in Sources */ = {isa = PBXBuildFile; fileRef = EB51CD1B2A777F1000E4CD9B /* SceneDelegate.swift */; };
		EB51CD212A777F1000E4CD9B /* Main.storyboard in Resources */ = {isa = PBXBuildFile; fileRef = EB51CD1F2A777F1000E4CD9B /* Main.storyboard */; };
		EB51CD232A777F1200E4CD9B /* Assets.xcassets in Resources */ = {isa = PBXBuildFile; fileRef = EB51CD222A777F1200E4CD9B /* Assets.xcassets */; };
		EB51CD262A777F1200E4CD9B /* LaunchScreen.storyboard in Resources */ = {isa = PBXBuildFile; fileRef = EB51CD242A777F1200E4CD9B /* LaunchScreen.storyboard */; };
		EB51CD2E2A777F5700E4CD9B /* TweetList.swift in Sources */ = {isa = PBXBuildFile; fileRef = EB51CD2D2A777F5700E4CD9B /* TweetList.swift */; };
		EB51CD332A77825000E4CD9B /* TweetListView.swift in Sources */ = {isa = PBXBuildFile; fileRef = EB51CD322A77825000E4CD9B /* TweetListView.swift */; };
		EB51CD352A77826B00E4CD9B /* TweetListView.xib in Resources */ = {isa = PBXBuildFile; fileRef = EB51CD342A77826B00E4CD9B /* TweetListView.xib */; };
		EB51CD372A77834900E4CD9B /* TweetViewController.swift in Sources */ = {isa = PBXBuildFile; fileRef = EB51CD362A77834900E4CD9B /* TweetViewController.swift */; };
/* End PBXBuildFile section */

/* Begin PBXFileReference section */
		EB51CD162A777F1000E4CD9B /* MVCTodo.app */ = {isa = PBXFileReference; explicitFileType = wrapper.application; includeInIndex = 0; path = MVCTodo.app; sourceTree = BUILT_PRODUCTS_DIR; };
		EB51CD192A777F1000E4CD9B /* AppDelegate.swift */ = {isa = PBXFileReference; lastKnownFileType = sourcecode.swift; path = AppDelegate.swift; sourceTree = "<group>"; };
		EB51CD1B2A777F1000E4CD9B /* SceneDelegate.swift */ = {isa = PBXFileReference; lastKnownFileType = sourcecode.swift; path = SceneDelegate.swift; sourceTree = "<group>"; };
		EB51CD202A777F1000E4CD9B /* Base */ = {isa = PBXFileReference; lastKnownFileType = file.storyboard; name = Base; path = Base.lproj/Main.storyboard; sourceTree = "<group>"; };
		EB51CD222A777F1200E4CD9B /* Assets.xcassets */ = {isa = PBXFileReference; lastKnownFileType = folder.assetcatalog; path = Assets.xcassets; sourceTree = "<group>"; };
		EB51CD252A777F1200E4CD9B /* Base */ = {isa = PBXFileReference; lastKnownFileType = file.storyboard; name = Base; path = Base.lproj/LaunchScreen.storyboard; sourceTree = "<group>"; };
		EB51CD272A777F1200E4CD9B /* Info.plist */ = {isa = PBXFileReference; lastKnownFileType = text.plist.xml; path = Info.plist; sourceTree = "<group>"; };
		EB51CD2D2A777F5700E4CD9B /* TweetList.swift */ = {isa = PBXFileReference; lastKnownFileType = sourcecode.swift; path = TweetList.swift; sourceTree = "<group>"; };
		EB51CD322A77825000E4CD9B /* TweetListView.swift */ = {isa = PBXFileReference; lastKnownFileType = sourcecode.swift; path = TweetListView.swift; sourceTree = "<group>"; };
		EB51CD342A77826B00E4CD9B /* TweetListView.xib */ = {isa = PBXFileReference; lastKnownFileType = file.xib; path = TweetListView.xib; sourceTree = "<group>"; };
		EB51CD362A77834900E4CD9B /* TweetViewController.swift */ = {isa = PBXFileReference; lastKnownFileType = sourcecode.swift; path = TweetViewController.swift; sourceTree = "<group>"; };
/* End PBXFileReference section */

/* Begin PBXFrameworksBuildPhase section */
		EB51CD132A777F1000E4CD9B /* Frameworks */ = {
			isa = PBXFrameworksBuildPhase;
			buildActionMask = 2147483647;
			files = (
			);
			runOnlyForDeploymentPostprocessing = 0;
		};
/* End PBXFrameworksBuildPhase section */

/* Begin PBXGroup section */
		EB51CD0D2A777F1000E4CD9B = {
			isa = PBXGroup;
			children = (
				EB51CD182A777F1000E4CD9B /* MVCTodo */,
				EB51CD172A777F1000E4CD9B /* Products */,
			);
			sourceTree = "<group>";
		};
		EB51CD172A777F1000E4CD9B /* Products */ = {
			isa = PBXGroup;
			children = (
				EB51CD162A777F1000E4CD9B /* MVCTodo.app */,
			);
			name = Products;
			sourceTree = "<group>";
		};
		EB51CD182A777F1000E4CD9B /* MVCTodo */ = {
			isa = PBXGroup;
			children = (
				EB51CD192A777F1000E4CD9B /* AppDelegate.swift */,
				EB51CD1B2A777F1000E4CD9B /* SceneDelegate.swift */,
				EB51CD2F2A7781E300E4CD9B /* Model */,
				EB51CD302A7781F700E4CD9B /* View */,
				EB51CD312A7781FE00E4CD9B /* Controller */,
				EB51CD1F2A777F1000E4CD9B /* Main.storyboard */,
				EB51CD222A777F1200E4CD9B /* Assets.xcassets */,
				EB51CD242A777F1200E4CD9B /* LaunchScreen.storyboard */,
				EB51CD272A777F1200E4CD9B /* Info.plist */,
			);
			path = MVCTodo;
			sourceTree = "<group>";
		};
		EB51CD2F2A7781E300E4CD9B /* Model */ = {
			isa = PBXGroup;
			children = (
				EB51CD2D2A777F5700E4CD9B /* TweetList.swift */,
			);
			path = Model;
			sourceTree = "<group>";
		};
		EB51CD302A7781F700E4CD9B /* View */ = {
			isa = PBXGroup;
			children = (
				EB51CD322A77825000E4CD9B /* TweetListView.swift */,
				EB51CD342A77826B00E4CD9B /* TweetListView.xib */,
			);
			path = View;
			sourceTree = "<group>";
		};
		EB51CD312A7781FE00E4CD9B /* Controller */ = {
			isa = PBXGroup;
			children = (
				EB51CD362A77834900E4CD9B /* TweetViewController.swift */,
			);
			path = Controller;
			sourceTree = "<group>";
		};
/* End PBXGroup section */

/* Begin PBXNativeTarget section */
		EB51CD152A777F1000E4CD9B /* MVCTodo */ = {
			isa = PBXNativeTarget;
			buildConfigurationList = EB51CD2A2A777F1200E4CD9B /* Build configuration list for PBXNativeTarget "MVCTodo" */;
			buildPhases = (
				EB51CD122A777F1000E4CD9B /* Sources */,
				EB51CD132A777F1000E4CD9B /* Frameworks */,
				EB51CD142A777F1000E4CD9B /* Resources */,
			);
			buildRules = (
			);
			dependencies = (
			);
			name = MVCTodo;
			productName = MVCTodo;
			productReference = EB51CD162A777F1000E4CD9B /* MVCTodo.app */;
			productType = "com.apple.product-type.application";
		};
/* End PBXNativeTarget section */

/* Begin PBXProject section */
		EB51CD0E2A777F1000E4CD9B /* Project object */ = {
			isa = PBXProject;
			attributes = {
				BuildIndependentTargetsInParallel = 1;
				LastSwiftUpdateCheck = 1430;
				LastUpgradeCheck = 1430;
				TargetAttributes = {
					EB51CD152A777F1000E4CD9B = {
						CreatedOnToolsVersion = 14.3.1;
					};
				};
			};
			buildConfigurationList = EB51CD112A777F1000E4CD9B /* Build configuration list for PBXProject "MVCTodo" */;
			compatibilityVersion = "Xcode 14.0";
			developmentRegion = en;
			hasScannedForEncodings = 0;
			knownRegions = (
				en,
				Base,
			);
			mainGroup = EB51CD0D2A777F1000E4CD9B;
			productRefGroup = EB51CD172A777F1000E4CD9B /* Products */;
			projectDirPath = "";
			projectRoot = "";
			targets = (
				EB51CD152A777F1000E4CD9B /* MVCTodo */,
			);
		};
/* End PBXProject section */

/* Begin PBXResourcesBuildPhase section */
		EB51CD142A777F1000E4CD9B /* Resources */ = {
			isa = PBXResourcesBuildPhase;
			buildActionMask = 2147483647;
			files = (
				EB51CD262A777F1200E4CD9B /* LaunchScreen.storyboard in Resources */,
				EB51CD232A777F1200E4CD9B /* Assets.xcassets in Resources */,
				EB51CD352A77826B00E4CD9B /* TweetListView.xib in Resources */,
				EB51CD212A777F1000E4CD9B /* Main.storyboard in Resources */,
			);
			runOnlyForDeploymentPostprocessing = 0;
		};
/* End PBXResourcesBuildPhase section */

/* Begin PBXSourcesBuildPhase section */
		EB51CD122A777F1000E4CD9B /* Sources */ = {
			isa = PBXSourcesBuildPhase;
			buildActionMask = 2147483647;
			files = (
				EB51CD2E2A777F5700E4CD9B /* TweetList.swift in Sources */,
				EB51CD1A2A777F1000E4CD9B /* AppDelegate.swift in Sources */,
				EB51CD372A77834900E4CD9B /* TweetViewController.swift in Sources */,
				EB51CD332A77825000E4CD9B /* TweetListView.swift in Sources */,
				EB51CD1C2A777F1000E4CD9B /* SceneDelegate.swift in Sources */,
			);
			runOnlyForDeploymentPostprocessing = 0;
		};
/* End PBXSourcesBuildPhase section */

/* Begin PBXVariantGroup section */
		EB51CD1F2A777F1000E4CD9B /* Main.storyboard */ = {
			isa = PBXVariantGroup;
			children = (
				EB51CD202A777F1000E4CD9B /* Base */,
			);
			name = Main.storyboard;
			sourceTree = "<group>";
		};
		EB51CD242A777F1200E4CD9B /* LaunchScreen.storyboard */ = {
			isa = PBXVariantGroup;
			children = (
				EB51CD252A777F1200E4CD9B /* Base */,
			);
			name = LaunchScreen.storyboard;
			sourceTree = "<group>";
		};
/* End PBXVariantGroup section */

/* Begin XCBuildConfiguration section */
		EB51CD282A777F1200E4CD9B /* Debug */ = {
			isa = XCBuildConfiguration;
			buildSettings = {
				ALWAYS_SEARCH_USER_PATHS = NO;
				CLANG_ANALYZER_NONNULL = YES;
				CLANG_ANALYZER_NUMBER_OBJECT_CONVERSION = YES_AGGRESSIVE;
				CLANG_CXX_LANGUAGE_STANDARD = "gnu++20";
				CLANG_ENABLE_MODULES = YES;
				CLANG_ENABLE_OBJC_ARC = YES;
				CLANG_ENABLE_OBJC_WEAK = YES;
				CLANG_WARN_BLOCK_CAPTURE_AUTORELEASING = YES;
				CLANG_WARN_BOOL_CONVERSION = YES;
				CLANG_WARN_COMMA = YES;
				CLANG_WARN_CONSTANT_CONVERSION = YES;
				CLANG_WARN_DEPRECATED_OBJC_IMPLEMENTATIONS = YES;
				CLANG_WARN_DIRECT_OBJC_ISA_USAGE = YES_ERROR;
				CLANG_WARN_DOCUMENTATION_COMMENTS = YES;
				CLANG_WARN_EMPTY_BODY = YES;
				CLANG_WARN_ENUM_CONVERSION = YES;
				CLANG_WARN_INFINITE_RECURSION = YES;
				CLANG_WARN_INT_CONVERSION = YES;
				CLANG_WARN_NON_LITERAL_NULL_CONVERSION = YES;
				CLANG_WARN_OBJC_IMPLICIT_RETAIN_SELF = YES;
				CLANG_WARN_OBJC_LITERAL_CONVERSION = YES;
				CLANG_WARN_OBJC_ROOT_CLASS = YES_ERROR;
				CLANG_WARN_QUOTED_INCLUDE_IN_FRAMEWORK_HEADER = YES;
				CLANG_WARN_RANGE_LOOP_ANALYSIS = YES;
				CLANG_WARN_STRICT_PROTOTYPES = YES;
				CLANG_WARN_SUSPICIOUS_MOVE = YES;
				CLANG_WARN_UNGUARDED_AVAILABILITY = YES_AGGRESSIVE;
				CLANG_WARN_UNREACHABLE_CODE = YES;
				CLANG_WARN__DUPLICATE_METHOD_MATCH = YES;
				COPY_PHASE_STRIP = NO;
				DEBUG_INFORMATION_FORMAT = dwarf;
				ENABLE_STRICT_OBJC_MSGSEND = YES;
				ENABLE_TESTABILITY = YES;
				GCC_C_LANGUAGE_STANDARD = gnu11;
				GCC_DYNAMIC_NO_PIC = NO;
				GCC_NO_COMMON_BLOCKS = YES;
				GCC_OPTIMIZATION_LEVEL = 0;
				GCC_PREPROCESSOR_DEFINITIONS = (
					"DEBUG=1",
					"$(inherited)",
				);
				GCC_WARN_64_TO_32_BIT_CONVERSION = YES;
				GCC_WARN_ABOUT_RETURN_TYPE = YES_ERROR;
				GCC_WARN_UNDECLARED_SELECTOR = YES;
				GCC_WARN_UNINITIALIZED_AUTOS = YES_AGGRESSIVE;
				GCC_WARN_UNUSED_FUNCTION = YES;
				GCC_WARN_UNUSED_VARIABLE = YES;
				IPHONEOS_DEPLOYMENT_TARGET = 16.4;
				MTL_ENABLE_DEBUG_INFO = INCLUDE_SOURCE;
				MTL_FAST_MATH = YES;
				ONLY_ACTIVE_ARCH = YES;
				SDKROOT = iphoneos;
				SWIFT_ACTIVE_COMPILATION_CONDITIONS = DEBUG;
				SWIFT_OPTIMIZATION_LEVEL = "-Onone";
			};
			name = Debug;
		};
		EB51CD292A777F1200E4CD9B /* Release */ = {
			isa = XCBuildConfiguration;
			buildSettings = {
				ALWAYS_SEARCH_USER_PATHS = NO;
				CLANG_ANALYZER_NONNULL = YES;
				CLANG_ANALYZER_NUMBER_OBJECT_CONVERSION = YES_AGGRESSIVE;
				CLANG_CXX_LANGUAGE_STANDARD = "gnu++20";
				CLANG_ENABLE_MODULES = YES;
				CLANG_ENABLE_OBJC_ARC = YES;
				CLANG_ENABLE_OBJC_WEAK = YES;
				CLANG_WARN_BLOCK_CAPTURE_AUTORELEASING = YES;
				CLANG_WARN_BOOL_CONVERSION = YES;
				CLANG_WARN_COMMA = YES;
				CLANG_WARN_CONSTANT_CONVERSION = YES;
				CLANG_WARN_DEPRECATED_OBJC_IMPLEMENTATIONS = YES;
				CLANG_WARN_DIRECT_OBJC_ISA_USAGE = YES_ERROR;
				CLANG_WARN_DOCUMENTATION_COMMENTS = YES;
				CLANG_WARN_EMPTY_BODY = YES;
				CLANG_WARN_ENUM_CONVERSION = YES;
				CLANG_WARN_INFINITE_RECURSION = YES;
				CLANG_WARN_INT_CONVERSION = YES;
				CLANG_WARN_NON_LITERAL_NULL_CONVERSION = YES;
				CLANG_WARN_OBJC_IMPLICIT_RETAIN_SELF = YES;
				CLANG_WARN_OBJC_LITERAL_CONVERSION = YES;
				CLANG_WARN_OBJC_ROOT_CLASS = YES_ERROR;
				CLANG_WARN_QUOTED_INCLUDE_IN_FRAMEWORK_HEADER = YES;
				CLANG_WARN_RANGE_LOOP_ANALYSIS = YES;
				CLANG_WARN_STRICT_PROTOTYPES = YES;
				CLANG_WARN_SUSPICIOUS_MOVE = YES;
				CLANG_WARN_UNGUARDED_AVAILABILITY = YES_AGGRESSIVE;
				CLANG_WARN_UNREACHABLE_CODE = YES;
				CLANG_WARN__DUPLICATE_METHOD_MATCH = YES;
				COPY_PHASE_STRIP = NO;
				DEBUG_INFORMATION_FORMAT = "dwarf-with-dsym";
				ENABLE_NS_ASSERTIONS = NO;
				ENABLE_STRICT_OBJC_MSGSEND = YES;
				GCC_C_LANGUAGE_STANDARD = gnu11;
				GCC_NO_COMMON_BLOCKS = YES;
				GCC_WARN_64_TO_32_BIT_CONVERSION = YES;
				GCC_WARN_ABOUT_RETURN_TYPE = YES_ERROR;
				GCC_WARN_UNDECLARED_SELECTOR = YES;
				GCC_WARN_UNINITIALIZED_AUTOS = YES_AGGRESSIVE;
				GCC_WARN_UNUSED_FUNCTION = YES;
				GCC_WARN_UNUSED_VARIABLE = YES;
				IPHONEOS_DEPLOYMENT_TARGET = 16.4;
				MTL_ENABLE_DEBUG_INFO = NO;
				MTL_FAST_MATH = YES;
				SDKROOT = iphoneos;
				SWIFT_COMPILATION_MODE = wholemodule;
				SWIFT_OPTIMIZATION_LEVEL = "-O";
				VALIDATE_PRODUCT = YES;
			};
			name = Release;
		};
		EB51CD2B2A777F1200E4CD9B /* Debug */ = {
			isa = XCBuildConfiguration;
			buildSettings = {
				ASSETCATALOG_COMPILER_APPICON_NAME = AppIcon;
				ASSETCATALOG_COMPILER_GLOBAL_ACCENT_COLOR_NAME = AccentColor;
				CODE_SIGN_STYLE = Automatic;
				CURRENT_PROJECT_VERSION = 1;
				GENERATE_INFOPLIST_FILE = YES;
				INFOPLIST_FILE = MVCTodo/Info.plist;
				INFOPLIST_KEY_UIApplicationSupportsIndirectInputEvents = YES;
				INFOPLIST_KEY_UILaunchStoryboardName = LaunchScreen;
				INFOPLIST_KEY_UIMainStoryboardFile = Main;
				INFOPLIST_KEY_UISupportedInterfaceOrientations_iPad = "UIInterfaceOrientationPortrait UIInterfaceOrientationPortraitUpsideDown UIInterfaceOrientationLandscapeLeft UIInterfaceOrientationLandscapeRight";
				INFOPLIST_KEY_UISupportedInterfaceOrientations_iPhone = "UIInterfaceOrientationPortrait UIInterfaceOrientationLandscapeLeft UIInterfaceOrientationLandscapeRight";
				LD_RUNPATH_SEARCH_PATHS = (
					"$(inherited)",
					"@executable_path/Frameworks",
				);
				MARKETING_VERSION = 1.0;
				PRODUCT_BUNDLE_IDENTIFIER = app.myoji.nickname.MVCTodo;
				PRODUCT_NAME = "$(TARGET_NAME)";
				SWIFT_EMIT_LOC_STRINGS = YES;
				SWIFT_VERSION = 5.0;
				TARGETED_DEVICE_FAMILY = "1,2";
			};
			name = Debug;
		};
		EB51CD2C2A777F1200E4CD9B /* Release */ = {
			isa = XCBuildConfiguration;
			buildSettings = {
				ASSETCATALOG_COMPILER_APPICON_NAME = AppIcon;
				ASSETCATALOG_COMPILER_GLOBAL_ACCENT_COLOR_NAME = AccentColor;
				CODE_SIGN_STYLE = Automatic;
				CURRENT_PROJECT_VERSION = 1;
				GENERATE_INFOPLIST_FILE = YES;
				INFOPLIST_FILE = MVCTodo/Info.plist;
				INFOPLIST_KEY_UIApplicationSupportsIndirectInputEvents = YES;
				INFOPLIST_KEY_UILaunchStoryboardName = LaunchScreen;
				INFOPLIST_KEY_UIMainStoryboardFile = Main;
				INFOPLIST_KEY_UISupportedInterfaceOrientations_iPad = "UIInterfaceOrientationPortrait UIInterfaceOrientationPortraitUpsideDown UIInterfaceOrientationLandscapeLeft UIInterfaceOrientationLandscapeRight";
				INFOPLIST_KEY_UISupportedInterfaceOrientations_iPhone = "UIInterfaceOrientationPortrait UIInterfaceOrientationLandscapeLeft UIInterfaceOrientationLandscapeRight";
				LD_RUNPATH_SEARCH_PATHS = (
					"$(inherited)",
					"@executable_path/Frameworks",
				);
				MARKETING_VERSION = 1.0;
				PRODUCT_BUNDLE_IDENTIFIER = app.myoji.nickname.MVCTodo;
				PRODUCT_NAME = "$(TARGET_NAME)";
				SWIFT_EMIT_LOC_STRINGS = YES;
				SWIFT_VERSION = 5.0;
				TARGETED_DEVICE_FAMILY = "1,2";
			};
			name = Release;
		};
/* End XCBuildConfiguration section */

/* Begin XCConfigurationList section */
		EB51CD112A777F1000E4CD9B /* Build configuration list for PBXProject "MVCTodo" */ = {
			isa = XCConfigurationList;
			buildConfigurations = (
				EB51CD282A777F1200E4CD9B /* Debug */,
				EB51CD292A777F1200E4CD9B /* Release */,
			);
			defaultConfigurationIsVisible = 0;
			defaultConfigurationName = Release;
		};
		EB51CD2A2A777F1200E4CD9B /* Build configuration list for PBXNativeTarget "MVCTodo" */ = {
			isa = XCConfigurationList;
			buildConfigurations = (
				EB51CD2B2A777F1200E4CD9B /* Debug */,
				EB51CD2C2A777F1200E4CD9B /* Release */,
			);
			defaultConfigurationIsVisible = 0;
			defaultConfigurationName = Release;
		};
/* End XCConfigurationList section */
	};
	rootObject = EB51CD0E2A777F1000E4CD9B /* Project object */;
}
